
Microsoft Visual Studio Solution File, Format Version 12.00
# Visual Studio 15
VisualStudioVersion = 15.0.26124.0
MinimumVisualStudioVersion = 15.0.26124.0
Project("{FAE04EC0-301F-11D3-BF4B-00C04F79EFBC}") = "library", "library\library.csproj", "{805FEF31-1780-43A3-AEE4-EAE75D5D3640}"
EndProject
Project("{FAE04EC0-301F-11D3-BF4B-00C04F79EFBC}") = "test-library", "test-library\test-library.csproj", "{BCE61CFD-D555-41E5-BB06-64B455D2F78E}"
EndProject
Project("{FAE04EC0-301F-11D3-BF4B-00C04F79EFBC}") = "app", "app\app.csproj", "{2568819F-B554-43A9-AA80-D1D2380478F5}"
EndProject
Global
	GlobalSection(SolutionConfigurationPlatforms) = preSolution
		Debug|Any CPU = Debug|Any CPU
		Debug|x64 = Debug|x64
		Debug|x86 = Debug|x86
		Release|Any CPU = Release|Any CPU
		Release|x64 = Release|x64
		Release|x86 = Release|x86
	EndGlobalSection
	GlobalSection(SolutionProperties) = preSolution
		HideSolutionNode = FALSE
	EndGlobalSection
	GlobalSection(ProjectConfigurationPlatforms) = postSolution
		{805FEF31-1780-43A3-AEE4-EAE75D5D3640}.Debug|Any CPU.ActiveCfg = Debug|Any CPU
		{805FEF31-1780-43A3-AEE4-EAE75D5D3640}.Debug|Any CPU.Build.0 = Debug|Any CPU
		{805FEF31-1780-43A3-AEE4-EAE75D5D3640}.Debug|x64.ActiveCfg = Debug|Any CPU
		{805FEF31-1780-43A3-AEE4-EAE75D5D3640}.Debug|x64.Build.0 = Debug|Any CPU
		{805FEF31-1780-43A3-AEE4-EAE75D5D3640}.Debug|x86.ActiveCfg = Debug|Any CPU
		{805FEF31-1780-43A3-AEE4-EAE75D5D3640}.Debug|x86.Build.0 = Debug|Any CPU
		{805FEF31-1780-43A3-AEE4-EAE75D5D3640}.Release|Any CPU.ActiveCfg = Release|Any CPU
		{805FEF31-1780-43A3-AEE4-EAE75D5D3640}.Release|Any CPU.Build.0 = Release|Any CPU
		{805FEF31-1780-43A3-AEE4-EAE75D5D3640}.Release|x64.ActiveCfg = Release|Any CPU
		{805FEF31-1780-43A3-AEE4-EAE75D5D3640}.Release|x64.Build.0 = Release|Any CPU
		{805FEF31-1780-43A3-AEE4-EAE75D5D3640}.Release|x86.ActiveCfg = Release|Any CPU
		{805FEF31-1780-43A3-AEE4-EAE75D5D3640}.Release|x86.Build.0 = Release|Any CPU
		{BCE61CFD-D555-41E5-BB06-64B455D2F78E}.Debug|Any CPU.ActiveCfg = Debug|Any CPU
		{BCE61CFD-D555-41E5-BB06-64B455D2F78E}.Debug|Any CPU.Build.0 = Debug|Any CPU
		{BCE61CFD-D555-41E5-BB06-64B455D2F78E}.Debug|x64.ActiveCfg = Debug|Any CPU
		{BCE61CFD-D555-41E5-BB06-64B455D2F78E}.Debug|x64.Build.0 = Debug|Any CPU
		{BCE61CFD-D555-41E5-BB06-64B455D2F78E}.Debug|x86.ActiveCfg = Debug|Any CPU
		{BCE61CFD-D555-41E5-BB06-64B455D2F78E}.Debug|x86.Build.0 = Debug|Any CPU
		{BCE61CFD-D555-41E5-BB06-64B455D2F78E}.Release|Any CPU.ActiveCfg = Release|Any CPU
		{BCE61CFD-D555-41E5-BB06-64B455D2F78E}.Release|Any CPU.Build.0 = Release|Any CPU
		{BCE61CFD-D555-41E5-BB06-64B455D2F78E}.Release|x64.ActiveCfg = Release|Any CPU
		{BCE61CFD-D555-41E5-BB06-64B455D2F78E}.Release|x64.Build.0 = Release|Any CPU
		{BCE61CFD-D555-41E5-BB06-64B455D2F78E}.Release|x86.ActiveCfg = Release|Any CPU
		{BCE61CFD-D555-41E5-BB06-64B455D2F78E}.Release|x86.Build.0 = Release|Any CPU
		{2568819F-B554-43A9-AA80-D1D2380478F5}.Debug|Any CPU.ActiveCfg = Debug|Any CPU
		{2568819F-B554-43A9-AA80-D1D2380478F5}.Debug|Any CPU.Build.0 = Debug|Any CPU
		{2568819F-B554-43A9-AA80-D1D2380478F5}.Debug|x64.ActiveCfg = Debug|Any CPU
		{2568819F-B554-43A9-AA80-D1D2380478F5}.Debug|x64.Build.0 = Debug|Any CPU
		{2568819F-B554-43A9-AA80-D1D2380478F5}.Debug|x86.ActiveCfg = Debug|Any CPU
		{2568819F-B554-43A9-AA80-D1D2380478F5}.Debug|x86.Build.0 = Debug|Any CPU
		{2568819F-B554-43A9-AA80-D1D2380478F5}.Release|Any CPU.ActiveCfg = Release|Any CPU
		{2568819F-B554-43A9-AA80-D1D2380478F5}.Release|Any CPU.Build.0 = Release|Any CPU
		{2568819F-B554-43A9-AA80-D1D2380478F5}.Release|x64.ActiveCfg = Release|Any CPU
		{2568819F-B554-43A9-AA80-D1D2380478F5}.Release|x64.Build.0 = Release|Any CPU
		{2568819F-B554-43A9-AA80-D1D2380478F5}.Release|x86.ActiveCfg = Release|Any CPU
		{2568819F-B554-43A9-AA80-D1D2380478F5}.Release|x86.Build.0 = Release|Any CPU
	EndGlobalSection
EndGlobal
