
Microsoft Visual Studio Solution File, Format Version 12.00
# Visual Studio 15
VisualStudioVersion = 15.0.28010.2041
MinimumVisualStudioVersion = 10.0.40219.1
Project("{E24C65DC-7377-472B-9ABA-BC803B73C61A}") = "BasicWebApp", "BasicWebApp\", "{0A4C8722-8890-4715-A816-19CDC4CA611D}"
	ProjectSection(WebsiteProperties) = preProject
		TargetFrameworkMoniker = ".NETFramework,Version%3Dv4.5"
		Debug.AspNetCompiler.VirtualPath = "/localhost_60499"
		Debug.AspNetCompiler.PhysicalPath = "BasicWebApp\"
		Debug.AspNetCompiler.TargetPath = "PrecompiledWeb\localhost_60499\"
		Debug.AspNetCompiler.Updateable = "true"
		Debug.AspNetCompiler.ForceOverwrite = "true"
		Debug.AspNetCompiler.FixedNames = "false"
		Debug.AspNetCompiler.Debug = "True"
		Release.AspNetCompiler.VirtualPath = "/localhost_60499"
		Release.AspNetCompiler.PhysicalPath = "BasicWebApp\"
		Release.AspNetCompiler.TargetPath = "PrecompiledWeb\localhost_60499\"
		Release.AspNetCompiler.Updateable = "true"
		Release.AspNetCompiler.ForceOverwrite = "true"
		Release.AspNetCompiler.FixedNames = "false"
		Release.AspNetCompiler.Debug = "False"
		VWDPort = "60499"
		SlnRelativePath = "BasicWebApp\"
		DefaultWebSiteLanguage = "Visual C#"
	EndProjectSection
EndProject
Global
	GlobalSection(SolutionConfigurationPlatforms) = preSolution
		Debug|Any CPU = Debug|Any CPU
	EndGlobalSection
	GlobalSection(ProjectConfigurationPlatforms) = postSolution
		{0A4C8722-8890-4715-A816-19CDC4CA611D}.Debug|Any CPU.ActiveCfg = Debug|Any CPU
		{0A4C8722-8890-4715-A816-19CDC4CA611D}.Debug|Any CPU.Build.0 = Debug|Any CPU
	EndGlobalSection
	GlobalSection(SolutionProperties) = preSolution
		HideSolutionNode = FALSE
	EndGlobalSection
	GlobalSection(ExtensibilityGlobals) = postSolution
		SolutionGuid = {88DC67BA-E1CA-40CC-B8AC-0C6D2ED7286A}
	EndGlobalSection
EndGlobal
