
Microsoft Visual Studio Solution File, Format Version 12.00
# Visual Studio 15
VisualStudioVersion = 15.0.28010.2046
MinimumVisualStudioVersion = 10.0.40219.1
Project("{FAE04EC0-301F-11D3-BF4B-00C04F79EFBC}") = "UtilityLibraries", "ClassLibraryProjects\UtilityLibraries.csproj", "{649C02B0-EDE5-4147-9066-C4605F45462C}"
EndProject
Project("{FAE04EC0-301F-11D3-BF4B-00C04F79EFBC}") = "StringLibraryTest", "StringLibraryTest\StringLibraryTest.csproj", "{20FF9DD8-1B0C-4629-87E3-4374D696A8FC}"
EndProject
Project("{FAE04EC0-301F-11D3-BF4B-00C04F79EFBC}") = "ShowCase", "ShowCase\ShowCase.csproj", "{4BACCA6C-ABCB-4914-B568-B262FEBDD758}"
EndProject
Global
	GlobalSection(SolutionConfigurationPlatforms) = preSolution
		Debug|Any CPU = Debug|Any CPU
		Release|Any CPU = Release|Any CPU
	EndGlobalSection
	GlobalSection(ProjectConfigurationPlatforms) = postSolution
		{649C02B0-EDE5-4147-9066-C4605F45462C}.Debug|Any CPU.ActiveCfg = Debug|Any CPU
		{649C02B0-EDE5-4147-9066-C4605F45462C}.Debug|Any CPU.Build.0 = Debug|Any CPU
		{649C02B0-EDE5-4147-9066-C4605F45462C}.Release|Any CPU.ActiveCfg = Release|Any CPU
		{649C02B0-EDE5-4147-9066-C4605F45462C}.Release|Any CPU.Build.0 = Release|Any CPU
		{20FF9DD8-1B0C-4629-87E3-4374D696A8FC}.Debug|Any CPU.ActiveCfg = Debug|Any CPU
		{20FF9DD8-1B0C-4629-87E3-4374D696A8FC}.Debug|Any CPU.Build.0 = Debug|Any CPU
		{20FF9DD8-1B0C-4629-87E3-4374D696A8FC}.Release|Any CPU.ActiveCfg = Release|Any CPU
		{20FF9DD8-1B0C-4629-87E3-4374D696A8FC}.Release|Any CPU.Build.0 = Release|Any CPU
		{4BACCA6C-ABCB-4914-B568-B262FEBDD758}.Debug|Any CPU.ActiveCfg = Debug|Any CPU
		{4BACCA6C-ABCB-4914-B568-B262FEBDD758}.Debug|Any CPU.Build.0 = Debug|Any CPU
		{4BACCA6C-ABCB-4914-B568-B262FEBDD758}.Release|Any CPU.ActiveCfg = Release|Any CPU
		{4BACCA6C-ABCB-4914-B568-B262FEBDD758}.Release|Any CPU.Build.0 = Release|Any CPU
	EndGlobalSection
	GlobalSection(SolutionProperties) = preSolution
		HideSolutionNode = FALSE
	EndGlobalSection
	GlobalSection(ExtensibilityGlobals) = postSolution
		SolutionGuid = {DF098492-71EE-4156-B666-423CEFA17932}
	EndGlobalSection
EndGlobal
